
Microsoft Visual Studio Solution File, Format Version 12.00
# Visual Studio Version 17
VisualStudioVersion = 17.9.34723.18
MinimumVisualStudioVersion = 10.0.40219.1
Project("{FAE04EC0-301F-11D3-BF4B-00C04F79EFBC}") = "WebApplication1", "WebApplication1\WebApplication1.csproj", "{CA4BE657-631F-428C-A833-356B5CDA2785}"
EndProject
Global
	GlobalSection(SolutionConfigurationPlatforms) = preSolution
		Debug|Any CPU = Debug|Any CPU
		Release|Any CPU = Release|Any CPU
	EndGlobalSection
	GlobalSection(ProjectConfigurationPlatforms) = postSolution
		{CA4BE657-631F-428C-A833-356B5CDA2785}.Debug|Any CPU.ActiveCfg = Debug|Any CPU
		{CA4BE657-631F-428C-A833-356B5CDA2785}.Debug|Any CPU.Build.0 = Debug|Any CPU
		{CA4BE657-631F-428C-A833-356B5CDA2785}.Release|Any CPU.ActiveCfg = Release|Any CPU
		{CA4BE657-631F-428C-A833-356B5CDA2785}.Release|Any CPU.Build.0 = Release|Any CPU
	EndGlobalSection
	GlobalSection(SolutionProperties) = preSolution
		HideSolutionNode = FALSE
	EndGlobalSection
	GlobalSection(ExtensibilityGlobals) = postSolution
		SolutionGuid = {3A6959F6-AFA1-4507-ABB1-BFBC361AC3A3}
	EndGlobalSection
EndGlobal
